
Microsoft Visual Studio Solution File, Format Version 12.00
# Visual Studio Version 17
VisualStudioVersion = 17.11.35208.52
MinimumVisualStudioVersion = 10.0.40219.1
Project("{8BC9CEB8-8B4A-11D0-8D11-00A0C91BC942}") = "autoversion2", "autoversion2.vcxproj", "{BFBF5615-D034-4E25-B207-A8E28A5B59CF}"
EndProject
Global
	GlobalSection(SolutionConfigurationPlatforms) = preSolution
		Debug|x64 = Debug|x64
		Debug|x86 = Debug|x86
		Release|x64 = Release|x64
		Release|x86 = Release|x86
	EndGlobalSection
	GlobalSection(ProjectConfigurationPlatforms) = postSolution
		{BFBF5615-D034-4E25-B207-A8E28A5B59CF}.Debug|x64.ActiveCfg = Debug|x64
		{BFBF5615-D034-4E25-B207-A8E28A5B59CF}.Debug|x64.Build.0 = Debug|x64
		{BFBF5615-D034-4E25-B207-A8E28A5B59CF}.Debug|x86.ActiveCfg = Debug|Win32
		{BFBF5615-D034-4E25-B207-A8E28A5B59CF}.Debug|x86.Build.0 = Debug|Win32
		{BFBF5615-D034-4E25-B207-A8E28A5B59CF}.Release|x64.ActiveCfg = Release|x64
		{BFBF5615-D034-4E25-B207-A8E28A5B59CF}.Release|x64.Build.0 = Release|x64
		{BFBF5615-D034-4E25-B207-A8E28A5B59CF}.Release|x86.ActiveCfg = Release|Win32
		{BFBF5615-D034-4E25-B207-A8E28A5B59CF}.Release|x86.Build.0 = Release|Win32
	EndGlobalSection
	GlobalSection(SolutionProperties) = preSolution
		HideSolutionNode = FALSE
	EndGlobalSection
	GlobalSection(ExtensibilityGlobals) = postSolution
		SolutionGuid = {0E9F26C1-6CAA-49E1-8E3D-71ABE5F34D62}
	EndGlobalSection
EndGlobal
